{
  "requires": true,
  "lockfileVersion": 1,
  "dependencies": {
    "j-flan-palindrome": {
      "version": "0.1.0",
      "resolved": "https://registry.npmjs.org/j-flan-palindrome/-/j-flan-palindrome-0.1.0.tgz",
      "integrity": "sha512-cWHbcIKu6bShZdu/UPP52oKcUEvuIYbtJOCx60OgmG4e47Su2fEPkD6Djkv/lnGLV+YJckmZZK6+o0r2knwVhg=="
    }
  }
}
